<?xml version="1.0" encoding="UTF-8" standalone="yes" ?>
<CodeBlocks_project_file>
	<FileVersion major="1" minor="6" />
	<Project>
		<Option title="cs_project" />
		<Option pch_mode="2" />
		<Option compiler="gcc" />
		<Build>
			<Target title="Debug">
				<Option output="bin\Debug\cs_project" prefix_auto="1" extension_auto="1" />
				<Option object_output="obj\Debug\" />
				<Option type="1" />
				<Option compiler="gcc" />
				<Compiler>
					<Add option="-g" />
				</Compiler>
			</Target>
			<Target title="Release">
				<Option output="bin\Release\cs_project" prefix_auto="1" extension_auto="1" />
				<Option object_output="obj\Release\" />
				<Option type="0" />
				<Option compiler="gcc" />
				<Compiler>
					<Add option="-O2" />
				</Compiler>
				<Linker>
					<Add option="-s" />
				</Linker>
			</Target>
		</Build>
		<Compiler>
			<Add option="-Wall" />
			<Add option="-Wno-write-strings" />
			<Add option="-x c++" />
			<Add option="-std=c++98" />
			<Add option="-pedantic" />
			<Add directory="$(CODEBLOCKS)\sdk\winbgim\include" />
		</Compiler>
		<Linker>
			<Add library="sprite" />
			<Add library="bgi" />
			<Add library="gdi32" />
			<Add library="comdlg32" />
			<Add library="uuid" />
			<Add library="oleaut32" />
			<Add library="ole32" />
			<Add directory="$(CODEBLOCKS)\sdk\winbgim\lib" />
		</Linker>
		<Unit filename="ai_display.h" />
		<Unit filename="artificial_again.h" />
		<Unit filename="build_number_x.h" />
		<Unit filename="build_number_y.h" />
		<Unit filename="char_to_int.h" />
		<Unit filename="copy_array.h" />
		<Unit filename="distribution_of_tiles.h" />
		<Unit filename="equation_identification.h" />
		<Unit filename="equation_setup.h" />
		<Unit filename="equation_validation.h" />
		<Unit filename="exchange_and_pass.h" />
		<Unit filename="feed_array.h" />
		<Unit filename="final_permutation.h" />
		<Unit filename="header_file.h" />
		<Unit filename="initialisation_board.h" />
		<Unit filename="main1.cpp.cpp" />
		<Unit filename="movement_of_tiles.h" />
		<Unit filename="rectangle_detection.h" />
		<Unit filename="score_board_value.h" />
		<Unit filename="score_calc.h" />
		<Unit filename="scrabble_board.h" />
		<Unit filename="tile_initialisation.h" />
		<Unit filename="tiles_struct.h" />
		<Extensions>
			<code_completion />
			<envvars />
			<debugger />
			<lib_finder disable_auto="1" />
		</Extensions>
	</Project>
</CodeBlocks_project_file>
